
Microsoft Visual Studio Solution File, Format Version 12.00
# Visual Studio Version 17
VisualStudioVersion = 17.14.37012.4 d17.14
MinimumVisualStudioVersion = 10.0.40219.1
Project("{2150E333-8FDC-42A3-9474-1A3956D46DE8}") = "Solution Items", "Solution Items", "{EEEEEEEE-EEEE-EEEE-EEEE-EEEEEEEEEEEE}"
	ProjectSection(SolutionItems) = preProject
		.gitignore = .gitignore
		build\appsettings.json = build\appsettings.json
		Changelog.md = Changelog.md
		Readme.md = Readme.md
	EndProjectSection
EndProject
Project("{2150E333-8FDC-42A3-9474-1A3956D46DE8}") = "Automation", "Automation", "{FFFFFFFF-FFFF-FFFF-FFFF-FFFFFFFFFFFF}"
EndProject
Project("{FAE04EC0-301F-11D3-BF4B-00C04F79EFBC}") = "Build", "build\Build.csproj", "{9D3B3809-DFFB-4D62-BF64-5550C8D2FA4A}"
EndProject
Project("{FAE04EC0-301F-11D3-BF4B-00C04F79EFBC}") = "Installer", "install\Installer.csproj", "{E36620EA-DB8E-4BCA-95F7-B0622D10DDE1}"
EndProject
Project("{FAE04EC0-301F-11D3-BF4B-00C04F79EFBC}") = "ADDINPRUEBA1", "ADDINPRUEBA1\ADDINPRUEBA1.csproj", "{D697F1FB-FFAD-4A50-87B9-F91BB5B08BF4}"
EndProject
Project("{FAE04EC0-301F-11D3-BF4B-00C04F79EFBC}") = "RevitAddIn1", "RevitAddIn1\RevitAddIn1.csproj", "{A314CFF0-1D83-4093-8D87-6887E7928EBC}"
EndProject
Project("{FAE04EC0-301F-11D3-BF4B-00C04F79EFBC}") = "RevitAddIn2", "RevitAddIn2\RevitAddIn2.csproj", "{210EA4CF-4164-45E3-8B77-580117687FFF}"
EndProject
Global
	GlobalSection(SolutionConfigurationPlatforms) = preSolution
		Debug.R22|Any CPU = Debug.R22|Any CPU
		Debug.R23|Any CPU = Debug.R23|Any CPU
		Debug.R24|Any CPU = Debug.R24|Any CPU
		Debug.R25|Any CPU = Debug.R25|Any CPU
		Debug.R26|Any CPU = Debug.R26|Any CPU
		Debug|Any CPU = Debug|Any CPU
		Release.R22|Any CPU = Release.R22|Any CPU
		Release.R23|Any CPU = Release.R23|Any CPU
		Release.R24|Any CPU = Release.R24|Any CPU
		Release.R25|Any CPU = Release.R25|Any CPU
		Release.R26|Any CPU = Release.R26|Any CPU
		Release|Any CPU = Release|Any CPU
	EndGlobalSection
	GlobalSection(ProjectConfigurationPlatforms) = postSolution
		{9D3B3809-DFFB-4D62-BF64-5550C8D2FA4A}.Debug.R22|Any CPU.ActiveCfg = Debug|Any CPU
		{9D3B3809-DFFB-4D62-BF64-5550C8D2FA4A}.Debug.R23|Any CPU.ActiveCfg = Debug|Any CPU
		{9D3B3809-DFFB-4D62-BF64-5550C8D2FA4A}.Debug.R24|Any CPU.ActiveCfg = Debug|Any CPU
		{9D3B3809-DFFB-4D62-BF64-5550C8D2FA4A}.Debug.R25|Any CPU.ActiveCfg = Debug|Any CPU
		{9D3B3809-DFFB-4D62-BF64-5550C8D2FA4A}.Debug.R26|Any CPU.ActiveCfg = Debug|Any CPU
		{9D3B3809-DFFB-4D62-BF64-5550C8D2FA4A}.Debug|Any CPU.ActiveCfg = Debug|Any CPU
		{9D3B3809-DFFB-4D62-BF64-5550C8D2FA4A}.Debug|Any CPU.Build.0 = Debug|Any CPU
		{9D3B3809-DFFB-4D62-BF64-5550C8D2FA4A}.Release.R22|Any CPU.ActiveCfg = Release|Any CPU
		{9D3B3809-DFFB-4D62-BF64-5550C8D2FA4A}.Release.R23|Any CPU.ActiveCfg = Release|Any CPU
		{9D3B3809-DFFB-4D62-BF64-5550C8D2FA4A}.Release.R24|Any CPU.ActiveCfg = Release|Any CPU
		{9D3B3809-DFFB-4D62-BF64-5550C8D2FA4A}.Release.R25|Any CPU.ActiveCfg = Release|Any CPU
		{9D3B3809-DFFB-4D62-BF64-5550C8D2FA4A}.Release.R26|Any CPU.ActiveCfg = Release|Any CPU
		{9D3B3809-DFFB-4D62-BF64-5550C8D2FA4A}.Release|Any CPU.ActiveCfg = Release|Any CPU
		{9D3B3809-DFFB-4D62-BF64-5550C8D2FA4A}.Release|Any CPU.Build.0 = Release|Any CPU
		{E36620EA-DB8E-4BCA-95F7-B0622D10DDE1}.Debug.R22|Any CPU.ActiveCfg = Debug|Any CPU
		{E36620EA-DB8E-4BCA-95F7-B0622D10DDE1}.Debug.R23|Any CPU.ActiveCfg = Debug|Any CPU
		{E36620EA-DB8E-4BCA-95F7-B0622D10DDE1}.Debug.R24|Any CPU.ActiveCfg = Debug|Any CPU
		{E36620EA-DB8E-4BCA-95F7-B0622D10DDE1}.Debug.R25|Any CPU.ActiveCfg = Debug|Any CPU
		{E36620EA-DB8E-4BCA-95F7-B0622D10DDE1}.Debug.R26|Any CPU.ActiveCfg = Debug|Any CPU
		{E36620EA-DB8E-4BCA-95F7-B0622D10DDE1}.Debug|Any CPU.ActiveCfg = Debug|Any CPU
		{E36620EA-DB8E-4BCA-95F7-B0622D10DDE1}.Debug|Any CPU.Build.0 = Debug|Any CPU
		{E36620EA-DB8E-4BCA-95F7-B0622D10DDE1}.Release.R22|Any CPU.ActiveCfg = Release|Any CPU
		{E36620EA-DB8E-4BCA-95F7-B0622D10DDE1}.Release.R23|Any CPU.ActiveCfg = Release|Any CPU
		{E36620EA-DB8E-4BCA-95F7-B0622D10DDE1}.Release.R24|Any CPU.ActiveCfg = Release|Any CPU
		{E36620EA-DB8E-4BCA-95F7-B0622D10DDE1}.Release.R25|Any CPU.ActiveCfg = Release|Any CPU
		{E36620EA-DB8E-4BCA-95F7-B0622D10DDE1}.Release.R26|Any CPU.ActiveCfg = Release|Any CPU
		{E36620EA-DB8E-4BCA-95F7-B0622D10DDE1}.Release|Any CPU.ActiveCfg = Release|Any CPU
		{E36620EA-DB8E-4BCA-95F7-B0622D10DDE1}.Release|Any CPU.Build.0 = Release|Any CPU
		{D697F1FB-FFAD-4A50-87B9-F91BB5B08BF4}.Debug.R22|Any CPU.ActiveCfg = Debug.R22|Any CPU
		{D697F1FB-FFAD-4A50-87B9-F91BB5B08BF4}.Debug.R22|Any CPU.Build.0 = Debug.R22|Any CPU
		{D697F1FB-FFAD-4A50-87B9-F91BB5B08BF4}.Debug.R23|Any CPU.ActiveCfg = Debug.R23|Any CPU
		{D697F1FB-FFAD-4A50-87B9-F91BB5B08BF4}.Debug.R23|Any CPU.Build.0 = Debug.R23|Any CPU
		{D697F1FB-FFAD-4A50-87B9-F91BB5B08BF4}.Debug.R24|Any CPU.ActiveCfg = Debug.R24|Any CPU
		{D697F1FB-FFAD-4A50-87B9-F91BB5B08BF4}.Debug.R24|Any CPU.Build.0 = Debug.R24|Any CPU
		{D697F1FB-FFAD-4A50-87B9-F91BB5B08BF4}.Debug.R25|Any CPU.ActiveCfg = Debug.R25|Any CPU
		{D697F1FB-FFAD-4A50-87B9-F91BB5B08BF4}.Debug.R25|Any CPU.Build.0 = Debug.R25|Any CPU
		{D697F1FB-FFAD-4A50-87B9-F91BB5B08BF4}.Debug.R26|Any CPU.ActiveCfg = Debug.R26|Any CPU
		{D697F1FB-FFAD-4A50-87B9-F91BB5B08BF4}.Debug.R26|Any CPU.Build.0 = Debug.R26|Any CPU
		{D697F1FB-FFAD-4A50-87B9-F91BB5B08BF4}.Debug|Any CPU.ActiveCfg = Debug.R22|Any CPU
		{D697F1FB-FFAD-4A50-87B9-F91BB5B08BF4}.Debug|Any CPU.Build.0 = Debug.R22|Any CPU
		{D697F1FB-FFAD-4A50-87B9-F91BB5B08BF4}.Release.R22|Any CPU.ActiveCfg = Release.R22|Any CPU
		{D697F1FB-FFAD-4A50-87B9-F91BB5B08BF4}.Release.R22|Any CPU.Build.0 = Release.R22|Any CPU
		{D697F1FB-FFAD-4A50-87B9-F91BB5B08BF4}.Release.R23|Any CPU.ActiveCfg = Release.R23|Any CPU
		{D697F1FB-FFAD-4A50-87B9-F91BB5B08BF4}.Release.R23|Any CPU.Build.0 = Release.R23|Any CPU
		{D697F1FB-FFAD-4A50-87B9-F91BB5B08BF4}.Release.R24|Any CPU.ActiveCfg = Release.R24|Any CPU
		{D697F1FB-FFAD-4A50-87B9-F91BB5B08BF4}.Release.R24|Any CPU.Build.0 = Release.R24|Any CPU
		{D697F1FB-FFAD-4A50-87B9-F91BB5B08BF4}.Release.R25|Any CPU.ActiveCfg = Release.R25|Any CPU
		{D697F1FB-FFAD-4A50-87B9-F91BB5B08BF4}.Release.R25|Any CPU.Build.0 = Release.R25|Any CPU
		{D697F1FB-FFAD-4A50-87B9-F91BB5B08BF4}.Release.R26|Any CPU.ActiveCfg = Release.R26|Any CPU
		{D697F1FB-FFAD-4A50-87B9-F91BB5B08BF4}.Release.R26|Any CPU.Build.0 = Release.R26|Any CPU
		{D697F1FB-FFAD-4A50-87B9-F91BB5B08BF4}.Release|Any CPU.ActiveCfg = Release.R22|Any CPU
		{D697F1FB-FFAD-4A50-87B9-F91BB5B08BF4}.Release|Any CPU.Build.0 = Release.R22|Any CPU
		{A314CFF0-1D83-4093-8D87-6887E7928EBC}.Debug.R22|Any CPU.ActiveCfg = Debug.R22|Any CPU
		{A314CFF0-1D83-4093-8D87-6887E7928EBC}.Debug.R22|Any CPU.Build.0 = Debug.R22|Any CPU
		{A314CFF0-1D83-4093-8D87-6887E7928EBC}.Debug.R23|Any CPU.ActiveCfg = Debug.R23|Any CPU
		{A314CFF0-1D83-4093-8D87-6887E7928EBC}.Debug.R23|Any CPU.Build.0 = Debug.R23|Any CPU
		{A314CFF0-1D83-4093-8D87-6887E7928EBC}.Debug.R24|Any CPU.ActiveCfg = Debug.R24|Any CPU
		{A314CFF0-1D83-4093-8D87-6887E7928EBC}.Debug.R24|Any CPU.Build.0 = Debug.R24|Any CPU
		{A314CFF0-1D83-4093-8D87-6887E7928EBC}.Debug.R25|Any CPU.ActiveCfg = Debug.R25|Any CPU
		{A314CFF0-1D83-4093-8D87-6887E7928EBC}.Debug.R25|Any CPU.Build.0 = Debug.R25|Any CPU
		{A314CFF0-1D83-4093-8D87-6887E7928EBC}.Debug.R26|Any CPU.ActiveCfg = Debug.R26|Any CPU
		{A314CFF0-1D83-4093-8D87-6887E7928EBC}.Debug.R26|Any CPU.Build.0 = Debug.R26|Any CPU
		{A314CFF0-1D83-4093-8D87-6887E7928EBC}.Debug|Any CPU.ActiveCfg = Debug.R22|Any CPU
		{A314CFF0-1D83-4093-8D87-6887E7928EBC}.Debug|Any CPU.Build.0 = Debug.R22|Any CPU
		{A314CFF0-1D83-4093-8D87-6887E7928EBC}.Release.R22|Any CPU.ActiveCfg = Release.R22|Any CPU
		{A314CFF0-1D83-4093-8D87-6887E7928EBC}.Release.R22|Any CPU.Build.0 = Release.R22|Any CPU
		{A314CFF0-1D83-4093-8D87-6887E7928EBC}.Release.R23|Any CPU.ActiveCfg = Release.R23|Any CPU
		{A314CFF0-1D83-4093-8D87-6887E7928EBC}.Release.R23|Any CPU.Build.0 = Release.R23|Any CPU
		{A314CFF0-1D83-4093-8D87-6887E7928EBC}.Release.R24|Any CPU.ActiveCfg = Release.R24|Any CPU
		{A314CFF0-1D83-4093-8D87-6887E7928EBC}.Release.R24|Any CPU.Build.0 = Release.R24|Any CPU
		{A314CFF0-1D83-4093-8D87-6887E7928EBC}.Release.R25|Any CPU.ActiveCfg = Release.R25|Any CPU
		{A314CFF0-1D83-4093-8D87-6887E7928EBC}.Release.R25|Any CPU.Build.0 = Release.R25|Any CPU
		{A314CFF0-1D83-4093-8D87-6887E7928EBC}.Release.R26|Any CPU.ActiveCfg = Release.R26|Any CPU
		{A314CFF0-1D83-4093-8D87-6887E7928EBC}.Release.R26|Any CPU.Build.0 = Release.R26|Any CPU
		{A314CFF0-1D83-4093-8D87-6887E7928EBC}.Release|Any CPU.ActiveCfg = Release.R22|Any CPU
		{A314CFF0-1D83-4093-8D87-6887E7928EBC}.Release|Any CPU.Build.0 = Release.R22|Any CPU
		{210EA4CF-4164-45E3-8B77-580117687FFF}.Debug.R22|Any CPU.ActiveCfg = Debug.R22|Any CPU
		{210EA4CF-4164-45E3-8B77-580117687FFF}.Debug.R22|Any CPU.Build.0 = Debug.R22|Any CPU
		{210EA4CF-4164-45E3-8B77-580117687FFF}.Debug.R23|Any CPU.ActiveCfg = Debug.R23|Any CPU
		{210EA4CF-4164-45E3-8B77-580117687FFF}.Debug.R23|Any CPU.Build.0 = Debug.R23|Any CPU
		{210EA4CF-4164-45E3-8B77-580117687FFF}.Debug.R24|Any CPU.ActiveCfg = Debug.R24|Any CPU
		{210EA4CF-4164-45E3-8B77-580117687FFF}.Debug.R24|Any CPU.Build.0 = Debug.R24|Any CPU
		{210EA4CF-4164-45E3-8B77-580117687FFF}.Debug.R25|Any CPU.ActiveCfg = Debug.R25|Any CPU
		{210EA4CF-4164-45E3-8B77-580117687FFF}.Debug.R25|Any CPU.Build.0 = Debug.R25|Any CPU
		{210EA4CF-4164-45E3-8B77-580117687FFF}.Debug.R26|Any CPU.ActiveCfg = Debug.R26|Any CPU
		{210EA4CF-4164-45E3-8B77-580117687FFF}.Debug.R26|Any CPU.Build.0 = Debug.R26|Any CPU
		{210EA4CF-4164-45E3-8B77-580117687FFF}.Debug|Any CPU.ActiveCfg = Debug.R22|Any CPU
		{210EA4CF-4164-45E3-8B77-580117687FFF}.Debug|Any CPU.Build.0 = Debug.R22|Any CPU
		{210EA4CF-4164-45E3-8B77-580117687FFF}.Release.R22|Any CPU.ActiveCfg = Release.R22|Any CPU
		{210EA4CF-4164-45E3-8B77-580117687FFF}.Release.R22|Any CPU.Build.0 = Release.R22|Any CPU
		{210EA4CF-4164-45E3-8B77-580117687FFF}.Release.R23|Any CPU.ActiveCfg = Release.R23|Any CPU
		{210EA4CF-4164-45E3-8B77-580117687FFF}.Release.R23|Any CPU.Build.0 = Release.R23|Any CPU
		{210EA4CF-4164-45E3-8B77-580117687FFF}.Release.R24|Any CPU.ActiveCfg = Release.R24|Any CPU
		{210EA4CF-4164-45E3-8B77-580117687FFF}.Release.R24|Any CPU.Build.0 = Release.R24|Any CPU
		{210EA4CF-4164-45E3-8B77-580117687FFF}.Release.R25|Any CPU.ActiveCfg = Release.R25|Any CPU
		{210EA4CF-4164-45E3-8B77-580117687FFF}.Release.R25|Any CPU.Build.0 = Release.R25|Any CPU
		{210EA4CF-4164-45E3-8B77-580117687FFF}.Release.R26|Any CPU.ActiveCfg = Release.R26|Any CPU
		{210EA4CF-4164-45E3-8B77-580117687FFF}.Release.R26|Any CPU.Build.0 = Release.R26|Any CPU
		{210EA4CF-4164-45E3-8B77-580117687FFF}.Release|Any CPU.ActiveCfg = Release.R22|Any CPU
		{210EA4CF-4164-45E3-8B77-580117687FFF}.Release|Any CPU.Build.0 = Release.R22|Any CPU
	EndGlobalSection
	GlobalSection(SolutionProperties) = preSolution
		HideSolutionNode = FALSE
	EndGlobalSection
	GlobalSection(NestedProjects) = preSolution
		{9D3B3809-DFFB-4D62-BF64-5550C8D2FA4A} = {FFFFFFFF-FFFF-FFFF-FFFF-FFFFFFFFFFFF}
		{E36620EA-DB8E-4BCA-95F7-B0622D10DDE1} = {FFFFFFFF-FFFF-FFFF-FFFF-FFFFFFFFFFFF}
	EndGlobalSection
	GlobalSection(ExtensibilityGlobals) = postSolution
		SolutionGuid = {39511D32-E3F6-402C-948E-ECDFBEDADF0F}
	EndGlobalSection
EndGlobal
